// !$*UTF8*$!
{
	archiveVersion = 1;
	classes = {
	};
	objectVersion = 50;
	objects = {

/* Begin PBXFileReference section */
		F39C70952497BBEA00800BA9 /* .DS_Store */ = {isa = PBXFileReference; lastKnownFileType = file; path = .DS_Store; sourceTree = "<group>"; };
		F39C70962497BBEA00800BA9 /* x64BareBones.sublime-project */ = {isa = PBXFileReference; lastKnownFileType = text; path = "x64BareBones.sublime-project"; sourceTree = "<group>"; };
		F39C70972497BBEA00800BA9 /* Userland */ = {isa = PBXFileReference; lastKnownFileType = folder; path = Userland; sourceTree = "<group>"; };
		F39C70982497BBEA00800BA9 /* Makefile */ = {isa = PBXFileReference; lastKnownFileType = sourcecode.make; path = Makefile; sourceTree = "<group>"; };
		F39C70992497BBEA00800BA9 /* Bootloader */ = {isa = PBXFileReference; lastKnownFileType = folder; path = Bootloader; sourceTree = "<group>"; };
		F39C709A2497BBEA00800BA9 /* x64BareBones.png */ = {isa = PBXFileReference; lastKnownFileType = image.png; path = x64BareBones.png; sourceTree = "<group>"; };
		F39C709B2497BBEA00800BA9 /* Image */ = {isa = PBXFileReference; lastKnownFileType = folder; path = Image; sourceTree = "<group>"; };
		F39C709C2497BBEA00800BA9 /* run.sh */ = {isa = PBXFileReference; lastKnownFileType = text.script.sh; path = run.sh; sourceTree = "<group>"; };
		F39C709D2497BBEA00800BA9 /* Interrupciones */ = {isa = PBXFileReference; lastKnownFileType = folder; path = Interrupciones; sourceTree = "<group>"; };
		F39C709E2497BBEA00800BA9 /* .gitignore */ = {isa = PBXFileReference; lastKnownFileType = text; path = .gitignore; sourceTree = "<group>"; };
		F39C709F2497BBEA00800BA9 /* Readme.txt */ = {isa = PBXFileReference; lastKnownFileType = text; path = Readme.txt; sourceTree = "<group>"; };
		F39C70A02497BBEA00800BA9 /* License.txt */ = {isa = PBXFileReference; lastKnownFileType = text; path = License.txt; sourceTree = "<group>"; };
		F39C70A12497BBEA00800BA9 /* .bash_history */ = {isa = PBXFileReference; lastKnownFileType = text; path = .bash_history; sourceTree = "<group>"; };
		F39C70A22497BBEA00800BA9 /* Kernel */ = {isa = PBXFileReference; lastKnownFileType = folder; path = Kernel; sourceTree = "<group>"; };
		F39C70A32497BBEA00800BA9 /* Toolchain */ = {isa = PBXFileReference; lastKnownFileType = folder; path = Toolchain; sourceTree = "<group>"; };
/* End PBXFileReference section */

/* Begin PBXGroup section */
		F39C708F2497BBEA00800BA9 = {
			isa = PBXGroup;
			children = (
				F39C70952497BBEA00800BA9 /* .DS_Store */,
				F39C70962497BBEA00800BA9 /* x64BareBones.sublime-project */,
				F39C70972497BBEA00800BA9 /* Userland */,
				F39C70982497BBEA00800BA9 /* Makefile */,
				F39C70992497BBEA00800BA9 /* Bootloader */,
				F39C709A2497BBEA00800BA9 /* x64BareBones.png */,
				F39C709B2497BBEA00800BA9 /* Image */,
				F39C709C2497BBEA00800BA9 /* run.sh */,
				F39C709D2497BBEA00800BA9 /* Interrupciones */,
				F39C709E2497BBEA00800BA9 /* .gitignore */,
				F39C709F2497BBEA00800BA9 /* Readme.txt */,
				F39C70A02497BBEA00800BA9 /* License.txt */,
				F39C70A12497BBEA00800BA9 /* .bash_history */,
				F39C70A22497BBEA00800BA9 /* Kernel */,
				F39C70A32497BBEA00800BA9 /* Toolchain */,
			);
			sourceTree = "<group>";
		};
/* End PBXGroup section */

/* Begin PBXLegacyTarget section */
		F39C70942497BBEA00800BA9 /* CodigoFuente */ = {
			isa = PBXLegacyTarget;
			buildArgumentsString = "$(ACTION)";
			buildConfigurationList = F39C70A42497BBEA00800BA9 /* Build configuration list for PBXLegacyTarget "CodigoFuente" */;
			buildPhases = (
			);
			buildToolPath = /usr/bin/make;
			buildWorkingDirectory = "/Users/valentinratti/Desktop/Informatica/2020/Arqui/TPE/TPE-RATTIGALENDE/CodigoFuente";
			dependencies = (
			);
			name = CodigoFuente;
			passBuildSettingsInEnvironment = 1;
			productName = CodigoFuente;
		};
/* End PBXLegacyTarget section */

/* Begin PBXProject section */
		F39C70902497BBEA00800BA9 /* Project object */ = {
			isa = PBXProject;
			attributes = {
			};
			buildConfigurationList = F39C70932497BBEA00800BA9 /* Build configuration list for PBXProject "CodigoFuente" */;
			compatibilityVersion = "Xcode 9.3";
			developmentRegion = en;
			hasScannedForEncodings = 0;
			knownRegions = (
				en,
				Base,
			);
			mainGroup = F39C708F2497BBEA00800BA9;
			projectDirPath = "";
			projectRoot = "";
			targets = (
				F39C70942497BBEA00800BA9 /* CodigoFuente */,
			);
		};
/* End PBXProject section */

/* Begin XCBuildConfiguration section */
		F39C70912497BBEA00800BA9 /* Debug */ = {
			isa = XCBuildConfiguration;
			buildSettings = {
				ARCHS = "$(ARCHS_STANDARD_32_BIT)";
				COPY_PHASE_STRIP = NO;
				GCC_WARN_ABOUT_RETURN_TYPE = YES;
				GCC_WARN_UNUSED_VARIABLE = YES;
				ONLY_ACTIVE_ARCH = YES;
				SDKROOT = macosx10.6;
			};
			name = Debug;
		};
		F39C70922497BBEA00800BA9 /* Release */ = {
			isa = XCBuildConfiguration;
			buildSettings = {
				ARCHS = "$(ARCHS_STANDARD_32_BIT)";
				COPY_PHASE_STRIP = YES;
				GCC_WARN_ABOUT_RETURN_TYPE = YES;
				GCC_WARN_UNUSED_VARIABLE = YES;
				SDKROOT = macosx10.6;
			};
			name = Release;
		};
		F39C70A52497BBEA00800BA9 /* Debug */ = {
			isa = XCBuildConfiguration;
			buildSettings = {
				COPY_PHASE_STRIP = NO;
				DEBUGGING_SYMBOLS = YES;
				GCC_DYNAMIC_NO_PIC = NO;
				GCC_ENABLE_FIX_AND_CONTINUE = YES;
				GCC_GENERATE_DEBUGGING_SYMBOLS = YES;
				GCC_OPTIMIZATION_LEVEL = 0;
				OTHER_CFLAGS = "";
				OTHER_LDFLAGS = "";
				PRODUCT_NAME = CodigoFuente;
			};
			name = Debug;
		};
		F39C70A62497BBEA00800BA9 /* Release */ = {
			isa = XCBuildConfiguration;
			buildSettings = {
				COPY_PHASE_STRIP = YES;
				DEBUG_INFORMATION_FORMAT = "dwarf-with-dsym";
				GCC_ENABLE_FIX_AND_CONTINUE = NO;
				OTHER_CFLAGS = "";
				OTHER_LDFLAGS = "";
				PRODUCT_NAME = CodigoFuente;
			};
			name = Release;
		};
/* End XCBuildConfiguration section */

/* Begin XCConfigurationList section */
		F39C70932497BBEA00800BA9 /* Build configuration list for PBXProject "CodigoFuente" */ = {
			isa = XCConfigurationList;
			buildConfigurations = (
				F39C70912497BBEA00800BA9 /* Debug */,
				F39C70922497BBEA00800BA9 /* Release */,
			);
			defaultConfigurationIsVisible = 0;
			defaultConfigurationName = Release;
		};
		F39C70A42497BBEA00800BA9 /* Build configuration list for PBXLegacyTarget "CodigoFuente" */ = {
			isa = XCConfigurationList;
			buildConfigurations = (
				F39C70A52497BBEA00800BA9 /* Debug */,
				F39C70A62497BBEA00800BA9 /* Release */,
			);
			defaultConfigurationIsVisible = 0;
			defaultConfigurationName = Release;
		};
/* End XCConfigurationList section */
	};
	rootObject = F39C70902497BBEA00800BA9 /* Project object */;
}
