// !$*UTF8*$!
{
	archiveVersion = 1;
	classes = {
	};
	objectVersion = 50;
	objects = {

/* Begin PBXFileReference section */
		F378B6CE24C614BB00783CFB /* .DS_Store */ = {isa = PBXFileReference; lastKnownFileType = file; path = .DS_Store; sourceTree = "<group>"; };
		F378B6CF24C614BB00783CFB /* x64BareBones.sublime-project */ = {isa = PBXFileReference; lastKnownFileType = text; path = "x64BareBones.sublime-project"; sourceTree = "<group>"; };
		F378B6D024C614BB00783CFB /* Userland */ = {isa = PBXFileReference; lastKnownFileType = folder; path = Userland; sourceTree = "<group>"; };
		F378B6D124C614BB00783CFB /* Makefile */ = {isa = PBXFileReference; lastKnownFileType = sourcecode.make; path = Makefile; sourceTree = "<group>"; };
		F378B6D224C614BB00783CFB /* Bootloader */ = {isa = PBXFileReference; lastKnownFileType = folder; path = Bootloader; sourceTree = "<group>"; };
		F378B6D324C614BB00783CFB /* x64BareBones.png */ = {isa = PBXFileReference; lastKnownFileType = image.png; path = x64BareBones.png; sourceTree = "<group>"; };
		F378B6D424C614BB00783CFB /* CodigoFuente.xcodeproj */ = {isa = PBXFileReference; lastKnownFileType = "wrapper.pb-project"; path = CodigoFuente.xcodeproj; sourceTree = "<group>"; };
		F378B6D724C614BB00783CFB /* Image */ = {isa = PBXFileReference; lastKnownFileType = folder; path = Image; sourceTree = "<group>"; };
		F378B6D824C614BB00783CFB /* run.sh */ = {isa = PBXFileReference; lastKnownFileType = text.script.sh; path = run.sh; sourceTree = "<group>"; };
		F378B6D924C614BB00783CFB /* Interrupciones */ = {isa = PBXFileReference; lastKnownFileType = folder; path = Interrupciones; sourceTree = "<group>"; };
		F378B6DA24C614BB00783CFB /* .gitignore */ = {isa = PBXFileReference; lastKnownFileType = text; path = .gitignore; sourceTree = "<group>"; };
		F378B6DB24C614BB00783CFB /* Readme.txt */ = {isa = PBXFileReference; lastKnownFileType = text; path = Readme.txt; sourceTree = "<group>"; };
		F378B6DC24C614BB00783CFB /* License.txt */ = {isa = PBXFileReference; lastKnownFileType = text; path = License.txt; sourceTree = "<group>"; };
		F378B6DD24C614BB00783CFB /* .bash_history */ = {isa = PBXFileReference; lastKnownFileType = text; path = .bash_history; sourceTree = "<group>"; };
		F378B6DE24C614BB00783CFB /* Kernel */ = {isa = PBXFileReference; lastKnownFileType = folder; path = Kernel; sourceTree = "<group>"; };
		F378B6DF24C614BB00783CFB /* Toolchain */ = {isa = PBXFileReference; lastKnownFileType = folder; path = Toolchain; sourceTree = "<group>"; };
/* End PBXFileReference section */

/* Begin PBXGroup section */
		F378B6C824C614BB00783CFB = {
			isa = PBXGroup;
			children = (
				F378B6CE24C614BB00783CFB /* .DS_Store */,
				F378B6CF24C614BB00783CFB /* x64BareBones.sublime-project */,
				F378B6D024C614BB00783CFB /* Userland */,
				F378B6D124C614BB00783CFB /* Makefile */,
				F378B6D224C614BB00783CFB /* Bootloader */,
				F378B6D324C614BB00783CFB /* x64BareBones.png */,
				F378B6D424C614BB00783CFB /* CodigoFuente.xcodeproj */,
				F378B6D724C614BB00783CFB /* Image */,
				F378B6D824C614BB00783CFB /* run.sh */,
				F378B6D924C614BB00783CFB /* Interrupciones */,
				F378B6DA24C614BB00783CFB /* .gitignore */,
				F378B6DB24C614BB00783CFB /* Readme.txt */,
				F378B6DC24C614BB00783CFB /* License.txt */,
				F378B6DD24C614BB00783CFB /* .bash_history */,
				F378B6DE24C614BB00783CFB /* Kernel */,
				F378B6DF24C614BB00783CFB /* Toolchain */,
			);
			sourceTree = "<group>";
		};
		F378B6D524C614BB00783CFB /* Products */ = {
			isa = PBXGroup;
			children = (
			);
			name = Products;
			sourceTree = "<group>";
		};
/* End PBXGroup section */

/* Begin PBXLegacyTarget section */
		F378B6CD24C614BB00783CFB /* CodigoFuente */ = {
			isa = PBXLegacyTarget;
			buildArgumentsString = "$(ACTION)";
			buildConfigurationList = F378B6E124C614BB00783CFB /* Build configuration list for PBXLegacyTarget "CodigoFuente" */;
			buildPhases = (
			);
			buildToolPath = /usr/bin/make;
			buildWorkingDirectory = "/Users/valentinratti/Desktop/Informatica/2020/1C/Arqui/TPE/TPE-RATTIGALENDE/CodigoFuente";
			dependencies = (
			);
			name = CodigoFuente;
			passBuildSettingsInEnvironment = 1;
			productName = CodigoFuente;
		};
/* End PBXLegacyTarget section */

/* Begin PBXProject section */
		F378B6C924C614BB00783CFB /* Project object */ = {
			isa = PBXProject;
			attributes = {
			};
			buildConfigurationList = F378B6CC24C614BB00783CFB /* Build configuration list for PBXProject "CodigoFuente 2" */;
			compatibilityVersion = "Xcode 9.3";
			developmentRegion = en;
			hasScannedForEncodings = 0;
			knownRegions = (
				en,
				Base,
			);
			mainGroup = F378B6C824C614BB00783CFB;
			projectDirPath = "";
			projectReferences = (
				{
					ProductGroup = F378B6D524C614BB00783CFB /* Products */;
					ProjectRef = F378B6D424C614BB00783CFB /* CodigoFuente.xcodeproj */;
				},
			);
			projectRoot = "";
			targets = (
				F378B6CD24C614BB00783CFB /* CodigoFuente */,
			);
		};
/* End PBXProject section */

/* Begin XCBuildConfiguration section */
		F378B6CA24C614BB00783CFB /* Debug */ = {
			isa = XCBuildConfiguration;
			buildSettings = {
				ARCHS = "$(ARCHS_STANDARD_32_BIT)";
				COPY_PHASE_STRIP = NO;
				GCC_WARN_ABOUT_RETURN_TYPE = YES;
				GCC_WARN_UNUSED_VARIABLE = YES;
				ONLY_ACTIVE_ARCH = YES;
				SDKROOT = macosx10.6;
			};
			name = Debug;
		};
		F378B6CB24C614BB00783CFB /* Release */ = {
			isa = XCBuildConfiguration;
			buildSettings = {
				ARCHS = "$(ARCHS_STANDARD_32_BIT)";
				COPY_PHASE_STRIP = YES;
				GCC_WARN_ABOUT_RETURN_TYPE = YES;
				GCC_WARN_UNUSED_VARIABLE = YES;
				SDKROOT = macosx10.6;
			};
			name = Release;
		};
		F378B6E224C614BB00783CFB /* Debug */ = {
			isa = XCBuildConfiguration;
			buildSettings = {
				COPY_PHASE_STRIP = NO;
				DEBUGGING_SYMBOLS = YES;
				GCC_DYNAMIC_NO_PIC = NO;
				GCC_ENABLE_FIX_AND_CONTINUE = YES;
				GCC_GENERATE_DEBUGGING_SYMBOLS = YES;
				GCC_OPTIMIZATION_LEVEL = 0;
				OTHER_CFLAGS = "";
				OTHER_LDFLAGS = "";
				PRODUCT_NAME = CodigoFuente;
			};
			name = Debug;
		};
		F378B6E324C614BB00783CFB /* Release */ = {
			isa = XCBuildConfiguration;
			buildSettings = {
				COPY_PHASE_STRIP = YES;
				DEBUG_INFORMATION_FORMAT = "dwarf-with-dsym";
				GCC_ENABLE_FIX_AND_CONTINUE = NO;
				OTHER_CFLAGS = "";
				OTHER_LDFLAGS = "";
				PRODUCT_NAME = CodigoFuente;
			};
			name = Release;
		};
/* End XCBuildConfiguration section */

/* Begin XCConfigurationList section */
		F378B6CC24C614BB00783CFB /* Build configuration list for PBXProject "CodigoFuente 2" */ = {
			isa = XCConfigurationList;
			buildConfigurations = (
				F378B6CA24C614BB00783CFB /* Debug */,
				F378B6CB24C614BB00783CFB /* Release */,
			);
			defaultConfigurationIsVisible = 0;
			defaultConfigurationName = Release;
		};
		F378B6E124C614BB00783CFB /* Build configuration list for PBXLegacyTarget "CodigoFuente" */ = {
			isa = XCConfigurationList;
			buildConfigurations = (
				F378B6E224C614BB00783CFB /* Debug */,
				F378B6E324C614BB00783CFB /* Release */,
			);
			defaultConfigurationIsVisible = 0;
			defaultConfigurationName = Release;
		};
/* End XCConfigurationList section */
	};
	rootObject = F378B6C924C614BB00783CFB /* Project object */;
}
