// !$*UTF8*$!
{
	archiveVersion = 1;
	classes = {
	};
	objectVersion = 50;
	objects = {

/* Begin PBXFileReference section */
		F3F15C2E246484E3001DBF91 /* lib.c */ = {isa = PBXFileReference; lastKnownFileType = sourcecode.c.c; path = lib.c; sourceTree = "<group>"; };
		F3F15C2F246484E3001DBF91 /* asm */ = {isa = PBXFileReference; lastKnownFileType = folder; path = asm; sourceTree = "<group>"; };
		F3F15C30246484E3001DBF91 /* kernel.c */ = {isa = PBXFileReference; lastKnownFileType = sourcecode.c.c; path = kernel.c; sourceTree = "<group>"; };
		F3F15C31246484E3001DBF91 /* moduleLoader.c */ = {isa = PBXFileReference; lastKnownFileType = sourcecode.c.c; path = moduleLoader.c; sourceTree = "<group>"; };
		F3F15C32246484E3001DBF91 /* Makefile */ = {isa = PBXFileReference; lastKnownFileType = sourcecode.make; path = Makefile; sourceTree = "<group>"; };
		F3F15C33246484E3001DBF91 /* naiveConsole.o */ = {isa = PBXFileReference; lastKnownFileType = "compiled.mach-o.objfile"; path = naiveConsole.o; sourceTree = "<group>"; };
		F3F15C34246484E3001DBF91 /* include */ = {isa = PBXFileReference; lastKnownFileType = folder; path = include; sourceTree = "<group>"; };
		F3F15C35246484E3001DBF91 /* loader.asm */ = {isa = PBXFileReference; lastKnownFileType = sourcecode.asm.asm; path = loader.asm; sourceTree = "<group>"; };
		F3F15C36246484E3001DBF91 /* kernel.ld */ = {isa = PBXFileReference; lastKnownFileType = text; path = kernel.ld; sourceTree = "<group>"; };
		F3F15C37246484E3001DBF91 /* lib.o */ = {isa = PBXFileReference; lastKnownFileType = "compiled.mach-o.objfile"; path = lib.o; sourceTree = "<group>"; };
		F3F15C38246484E3001DBF91 /* loader.o */ = {isa = PBXFileReference; lastKnownFileType = "compiled.mach-o.objfile"; path = loader.o; sourceTree = "<group>"; };
		F3F15C39246484E3001DBF91 /* moduleLoader.o */ = {isa = PBXFileReference; lastKnownFileType = "compiled.mach-o.objfile"; path = moduleLoader.o; sourceTree = "<group>"; };
		F3F15C3A246484E3001DBF91 /* kernel.o */ = {isa = PBXFileReference; lastKnownFileType = "compiled.mach-o.objfile"; path = kernel.o; sourceTree = "<group>"; };
		F3F15C3B246484E3001DBF91 /* kernel.bin */ = {isa = PBXFileReference; lastKnownFileType = archive.macbinary; path = kernel.bin; sourceTree = "<group>"; };
		F3F15C3C246484E3001DBF91 /* Makefile.inc */ = {isa = PBXFileReference; lastKnownFileType = sourcecode.pascal; path = Makefile.inc; sourceTree = "<group>"; };
		F3F15C3D246484E3001DBF91 /* naiveConsole.c */ = {isa = PBXFileReference; lastKnownFileType = sourcecode.c.c; path = naiveConsole.c; sourceTree = "<group>"; };
/* End PBXFileReference section */

/* Begin PBXGroup section */
		F3F15C28246484E3001DBF91 = {
			isa = PBXGroup;
			children = (
				F3F15C2E246484E3001DBF91 /* lib.c */,
				F3F15C2F246484E3001DBF91 /* asm */,
				F3F15C30246484E3001DBF91 /* kernel.c */,
				F3F15C31246484E3001DBF91 /* moduleLoader.c */,
				F3F15C32246484E3001DBF91 /* Makefile */,
				F3F15C33246484E3001DBF91 /* naiveConsole.o */,
				F3F15C34246484E3001DBF91 /* include */,
				F3F15C35246484E3001DBF91 /* loader.asm */,
				F3F15C36246484E3001DBF91 /* kernel.ld */,
				F3F15C37246484E3001DBF91 /* lib.o */,
				F3F15C38246484E3001DBF91 /* loader.o */,
				F3F15C39246484E3001DBF91 /* moduleLoader.o */,
				F3F15C3A246484E3001DBF91 /* kernel.o */,
				F3F15C3B246484E3001DBF91 /* kernel.bin */,
				F3F15C3C246484E3001DBF91 /* Makefile.inc */,
				F3F15C3D246484E3001DBF91 /* naiveConsole.c */,
			);
			sourceTree = "<group>";
		};
/* End PBXGroup section */

/* Begin PBXLegacyTarget section */
		F3F15C2D246484E3001DBF91 /* Kernel */ = {
			isa = PBXLegacyTarget;
			buildArgumentsString = "$(ACTION)";
			buildConfigurationList = F3F15C3E246484E3001DBF91 /* Build configuration list for PBXLegacyTarget "Kernel" */;
			buildPhases = (
			);
			buildToolPath = /usr/bin/make;
			buildWorkingDirectory = "/Users/valentinratti/Desktop/Informatica/Arqui/Docker/RowDaBoat-x64barebones-d4e1c147f975/Kernel";
			dependencies = (
			);
			name = Kernel;
			passBuildSettingsInEnvironment = 1;
			productName = Kernel;
		};
/* End PBXLegacyTarget section */

/* Begin PBXProject section */
		F3F15C29246484E3001DBF91 /* Project object */ = {
			isa = PBXProject;
			attributes = {
			};
			buildConfigurationList = F3F15C2C246484E3001DBF91 /* Build configuration list for PBXProject "Kernel" */;
			compatibilityVersion = "Xcode 9.3";
			developmentRegion = en;
			hasScannedForEncodings = 0;
			knownRegions = (
				en,
				Base,
			);
			mainGroup = F3F15C28246484E3001DBF91;
			projectDirPath = "";
			projectRoot = "";
			targets = (
				F3F15C2D246484E3001DBF91 /* Kernel */,
			);
		};
/* End PBXProject section */

/* Begin XCBuildConfiguration section */
		F3F15C2A246484E3001DBF91 /* Debug */ = {
			isa = XCBuildConfiguration;
			buildSettings = {
				ARCHS = "$(ARCHS_STANDARD_32_BIT)";
				COPY_PHASE_STRIP = NO;
				GCC_WARN_ABOUT_RETURN_TYPE = YES;
				GCC_WARN_UNUSED_VARIABLE = YES;
				ONLY_ACTIVE_ARCH = YES;
				SDKROOT = macosx10.6;
			};
			name = Debug;
		};
		F3F15C2B246484E3001DBF91 /* Release */ = {
			isa = XCBuildConfiguration;
			buildSettings = {
				ARCHS = "$(ARCHS_STANDARD_32_BIT)";
				COPY_PHASE_STRIP = YES;
				GCC_WARN_ABOUT_RETURN_TYPE = YES;
				GCC_WARN_UNUSED_VARIABLE = YES;
				SDKROOT = macosx10.6;
			};
			name = Release;
		};
		F3F15C3F246484E3001DBF91 /* Debug */ = {
			isa = XCBuildConfiguration;
			buildSettings = {
				COPY_PHASE_STRIP = NO;
				DEBUGGING_SYMBOLS = YES;
				GCC_DYNAMIC_NO_PIC = NO;
				GCC_ENABLE_FIX_AND_CONTINUE = YES;
				GCC_GENERATE_DEBUGGING_SYMBOLS = YES;
				GCC_OPTIMIZATION_LEVEL = 0;
				OTHER_CFLAGS = "";
				OTHER_LDFLAGS = "";
				PRODUCT_NAME = Kernel;
			};
			name = Debug;
		};
		F3F15C40246484E3001DBF91 /* Release */ = {
			isa = XCBuildConfiguration;
			buildSettings = {
				COPY_PHASE_STRIP = YES;
				DEBUG_INFORMATION_FORMAT = "dwarf-with-dsym";
				GCC_ENABLE_FIX_AND_CONTINUE = NO;
				OTHER_CFLAGS = "";
				OTHER_LDFLAGS = "";
				PRODUCT_NAME = Kernel;
			};
			name = Release;
		};
/* End XCBuildConfiguration section */

/* Begin XCConfigurationList section */
		F3F15C2C246484E3001DBF91 /* Build configuration list for PBXProject "Kernel" */ = {
			isa = XCConfigurationList;
			buildConfigurations = (
				F3F15C2A246484E3001DBF91 /* Debug */,
				F3F15C2B246484E3001DBF91 /* Release */,
			);
			defaultConfigurationIsVisible = 0;
			defaultConfigurationName = Release;
		};
		F3F15C3E246484E3001DBF91 /* Build configuration list for PBXLegacyTarget "Kernel" */ = {
			isa = XCConfigurationList;
			buildConfigurations = (
				F3F15C3F246484E3001DBF91 /* Debug */,
				F3F15C40246484E3001DBF91 /* Release */,
			);
			defaultConfigurationIsVisible = 0;
			defaultConfigurationName = Release;
		};
/* End XCConfigurationList section */
	};
	rootObject = F3F15C29246484E3001DBF91 /* Project object */;
}
